
Microsoft Visual Studio Solution File, Format Version 12.00
# Visual Studio 15
VisualStudioVersion = 15.0.27703.2042
MinimumVisualStudioVersion = 10.0.40219.1
Project("{2150E333-8FDC-42A3-9474-1A3956D46DE8}") = "VMs", "VMs", "{5F265669-B17B-4F0B-A70B-84FEB6FDC1A2}"
	ProjectSection(SolutionItems) = preProject
		VMs\VM_Create 2.ps1 = VMs\VM_Create 2.ps1
		VMs\VM_Create.ps1 = VMs\VM_Create.ps1
	EndProjectSection
EndProject
Project("{2150E333-8FDC-42A3-9474-1A3956D46DE8}") = "Storage", "Storage", "{DDA86B30-FF3E-4B11-9C40-E083F5FDEAE6}"
	ProjectSection(SolutionItems) = preProject
		Storage\Storage_Script.ps1 = Storage\Storage_Script.ps1
	EndProjectSection
EndProject
Project("{2150E333-8FDC-42A3-9474-1A3956D46DE8}") = "AppServices", "AppServices", "{CB166865-1B5D-46D9-A4FE-1BD575F582D7}"
	ProjectSection(SolutionItems) = preProject
		AppServices\App_Script.ps1 = AppServices\App_Script.ps1
	EndProjectSection
EndProject
Project("{2150E333-8FDC-42A3-9474-1A3956D46DE8}") = "Redis", "Redis", "{85C8D17B-0044-4127-8D3C-7CF51CB70102}"
EndProject
Project("{9A19103F-16F7-4668-BE54-9A1E7A4F7556}") = "CosmosDbApp", "Storage\CosmosDbApp\CosmosDbApp.csproj", "{92F79C2D-5AA0-449D-92CE-E1CC578361AD}"
EndProject
Project("{2150E333-8FDC-42A3-9474-1A3956D46DE8}") = "CosmosDB", "CosmosDB", "{A0001770-AF50-4492-A6D1-F9F93714DE4A}"
EndProject
Project("{9A19103F-16F7-4668-BE54-9A1E7A4F7556}") = "RedisCacheApp", "Storage\RedisCacheApp\RedisCacheApp.csproj", "{451F430E-1784-4F88-8191-9F995BAC325C}"
EndProject
Project("{2150E333-8FDC-42A3-9474-1A3956D46DE8}") = "LogicAppARM", "LogicAppARM", "{B432F5BA-8B87-462D-8C84-C08C47668050}"
EndProject
Project("{151D2E53-A2C4-4D7D-83FE-D05416EBD58E}") = "LogicApp", "AppServices\LogicAppARM\LogicApp\LogicApp.deployproj", "{84C20830-5572-4CC3-B322-EA2F88F80EA3}"
EndProject
Project("{2150E333-8FDC-42A3-9474-1A3956D46DE8}") = "Serverless", "Serverless", "{62F12FE5-B447-42C2-9267-B6180AFBC9D9}"
EndProject
Project("{9A19103F-16F7-4668-BE54-9A1E7A4F7556}") = "FunctionsApp", "AppServices\Serverless\FunctionsApp\FunctionsApp.csproj", "{11FE0539-5D29-4851-95F0-C79DDF479857}"
EndProject
Project("{2150E333-8FDC-42A3-9474-1A3956D46DE8}") = "Containers", "Containers", "{63FAC2E8-CDCD-40C1-BB31-007A6EDDBD6F}"
	ProjectSection(SolutionItems) = preProject
		AppServices\Containers\Container_Script.ps1 = AppServices\Containers\Container_Script.ps1
	EndProjectSection
EndProject
Project("{9A19103F-16F7-4668-BE54-9A1E7A4F7556}") = "WebApp", "AppServices\Containers\WebApp\WebApp.csproj", "{F615FCE9-F8E0-4AEE-A15B-99ED9988ADAD}"
EndProject
Project("{E53339B2-1760-4266-BCC7-CA923CBCF16C}") = "docker-compose", "docker-compose.dcproj", "{DB21F95F-6F01-4FCB-A6A4-8E96E1B70CF9}"
EndProject
Project("{2150E333-8FDC-42A3-9474-1A3956D46DE8}") = "Azure", "Azure", "{FF884C04-23DF-4F6A-B61D-ABCBC3519799}"
EndProject
Project("{9A19103F-16F7-4668-BE54-9A1E7A4F7556}") = "AzureStorageApp", "Storage\AzureStorageApp\AzureStorageApp.csproj", "{335BD1EC-41B0-487F-AE94-2F36A55F5EB8}"
EndProject
Project("{2150E333-8FDC-42A3-9474-1A3956D46DE8}") = "Microservices", "Microservices", "{022402B0-A4AC-49FF-9B13-DAADEE09BE73}"
EndProject
Project("{A07B5EB6-E848-4116-A8D0-A826331D98C6}") = "KeywordSearch", "AppServices\Microservices\KeywordSearch\KeywordSearch.sfproj", "{505BF93C-0D48-4AB9-BC5F-969E5466B412}"
EndProject
Project("{FAE04EC0-301F-11D3-BF4B-00C04F79EFBC}") = "SearchActor", "AppServices\Microservices\SearchActor\SearchActor.csproj", "{E86271F6-C9DB-4A89-B5A2-4491B4F070FF}"
EndProject
Project("{FAE04EC0-301F-11D3-BF4B-00C04F79EFBC}") = "SearchActor.Interfaces", "AppServices\Microservices\SearchActor.Interfaces\SearchActor.Interfaces.csproj", "{97F7C82A-95AD-4A7B-B52A-F02891BBD286}"
EndProject
Project("{FAE04EC0-301F-11D3-BF4B-00C04F79EFBC}") = "KeywordSearchApi", "KeywordSearchApi\KeywordSearchApi.csproj", "{67EFAA4C-C166-4C94-BE35-B0E12BE09792}"
EndProject
Global
	GlobalSection(SolutionConfigurationPlatforms) = preSolution
		Debug|Any CPU = Debug|Any CPU
		Debug|x64 = Debug|x64
		Release|Any CPU = Release|Any CPU
		Release|x64 = Release|x64
	EndGlobalSection
	GlobalSection(ProjectConfigurationPlatforms) = postSolution
		{92F79C2D-5AA0-449D-92CE-E1CC578361AD}.Debug|Any CPU.ActiveCfg = Debug|Any CPU
		{92F79C2D-5AA0-449D-92CE-E1CC578361AD}.Debug|Any CPU.Build.0 = Debug|Any CPU
		{92F79C2D-5AA0-449D-92CE-E1CC578361AD}.Debug|x64.ActiveCfg = Debug|Any CPU
		{92F79C2D-5AA0-449D-92CE-E1CC578361AD}.Debug|x64.Build.0 = Debug|Any CPU
		{92F79C2D-5AA0-449D-92CE-E1CC578361AD}.Release|Any CPU.ActiveCfg = Release|Any CPU
		{92F79C2D-5AA0-449D-92CE-E1CC578361AD}.Release|Any CPU.Build.0 = Release|Any CPU
		{92F79C2D-5AA0-449D-92CE-E1CC578361AD}.Release|x64.ActiveCfg = Release|Any CPU
		{92F79C2D-5AA0-449D-92CE-E1CC578361AD}.Release|x64.Build.0 = Release|Any CPU
		{451F430E-1784-4F88-8191-9F995BAC325C}.Debug|Any CPU.ActiveCfg = Debug|Any CPU
		{451F430E-1784-4F88-8191-9F995BAC325C}.Debug|Any CPU.Build.0 = Debug|Any CPU
		{451F430E-1784-4F88-8191-9F995BAC325C}.Debug|x64.ActiveCfg = Debug|Any CPU
		{451F430E-1784-4F88-8191-9F995BAC325C}.Debug|x64.Build.0 = Debug|Any CPU
		{451F430E-1784-4F88-8191-9F995BAC325C}.Release|Any CPU.ActiveCfg = Release|Any CPU
		{451F430E-1784-4F88-8191-9F995BAC325C}.Release|Any CPU.Build.0 = Release|Any CPU
		{451F430E-1784-4F88-8191-9F995BAC325C}.Release|x64.ActiveCfg = Release|Any CPU
		{451F430E-1784-4F88-8191-9F995BAC325C}.Release|x64.Build.0 = Release|Any CPU
		{84C20830-5572-4CC3-B322-EA2F88F80EA3}.Debug|Any CPU.ActiveCfg = Debug|Any CPU
		{84C20830-5572-4CC3-B322-EA2F88F80EA3}.Debug|Any CPU.Build.0 = Debug|Any CPU
		{84C20830-5572-4CC3-B322-EA2F88F80EA3}.Debug|x64.ActiveCfg = Debug|Any CPU
		{84C20830-5572-4CC3-B322-EA2F88F80EA3}.Debug|x64.Build.0 = Debug|Any CPU
		{84C20830-5572-4CC3-B322-EA2F88F80EA3}.Release|Any CPU.ActiveCfg = Release|Any CPU
		{84C20830-5572-4CC3-B322-EA2F88F80EA3}.Release|Any CPU.Build.0 = Release|Any CPU
		{84C20830-5572-4CC3-B322-EA2F88F80EA3}.Release|x64.ActiveCfg = Release|Any CPU
		{84C20830-5572-4CC3-B322-EA2F88F80EA3}.Release|x64.Build.0 = Release|Any CPU
		{11FE0539-5D29-4851-95F0-C79DDF479857}.Debug|Any CPU.ActiveCfg = Debug|Any CPU
		{11FE0539-5D29-4851-95F0-C79DDF479857}.Debug|Any CPU.Build.0 = Debug|Any CPU
		{11FE0539-5D29-4851-95F0-C79DDF479857}.Debug|x64.ActiveCfg = Debug|Any CPU
		{11FE0539-5D29-4851-95F0-C79DDF479857}.Debug|x64.Build.0 = Debug|Any CPU
		{11FE0539-5D29-4851-95F0-C79DDF479857}.Release|Any CPU.ActiveCfg = Release|Any CPU
		{11FE0539-5D29-4851-95F0-C79DDF479857}.Release|Any CPU.Build.0 = Release|Any CPU
		{11FE0539-5D29-4851-95F0-C79DDF479857}.Release|x64.ActiveCfg = Release|Any CPU
		{11FE0539-5D29-4851-95F0-C79DDF479857}.Release|x64.Build.0 = Release|Any CPU
		{F615FCE9-F8E0-4AEE-A15B-99ED9988ADAD}.Debug|Any CPU.ActiveCfg = Debug|Any CPU
		{F615FCE9-F8E0-4AEE-A15B-99ED9988ADAD}.Debug|Any CPU.Build.0 = Debug|Any CPU
		{F615FCE9-F8E0-4AEE-A15B-99ED9988ADAD}.Debug|x64.ActiveCfg = Debug|Any CPU
		{F615FCE9-F8E0-4AEE-A15B-99ED9988ADAD}.Debug|x64.Build.0 = Debug|Any CPU
		{F615FCE9-F8E0-4AEE-A15B-99ED9988ADAD}.Release|Any CPU.ActiveCfg = Release|Any CPU
		{F615FCE9-F8E0-4AEE-A15B-99ED9988ADAD}.Release|Any CPU.Build.0 = Release|Any CPU
		{F615FCE9-F8E0-4AEE-A15B-99ED9988ADAD}.Release|x64.ActiveCfg = Release|Any CPU
		{F615FCE9-F8E0-4AEE-A15B-99ED9988ADAD}.Release|x64.Build.0 = Release|Any CPU
		{DB21F95F-6F01-4FCB-A6A4-8E96E1B70CF9}.Debug|Any CPU.ActiveCfg = Debug|Any CPU
		{DB21F95F-6F01-4FCB-A6A4-8E96E1B70CF9}.Debug|Any CPU.Build.0 = Debug|Any CPU
		{DB21F95F-6F01-4FCB-A6A4-8E96E1B70CF9}.Debug|x64.ActiveCfg = Debug|Any CPU
		{DB21F95F-6F01-4FCB-A6A4-8E96E1B70CF9}.Debug|x64.Build.0 = Debug|Any CPU
		{DB21F95F-6F01-4FCB-A6A4-8E96E1B70CF9}.Release|Any CPU.ActiveCfg = Release|Any CPU
		{DB21F95F-6F01-4FCB-A6A4-8E96E1B70CF9}.Release|Any CPU.Build.0 = Release|Any CPU
		{DB21F95F-6F01-4FCB-A6A4-8E96E1B70CF9}.Release|x64.ActiveCfg = Release|Any CPU
		{DB21F95F-6F01-4FCB-A6A4-8E96E1B70CF9}.Release|x64.Build.0 = Release|Any CPU
		{335BD1EC-41B0-487F-AE94-2F36A55F5EB8}.Debug|Any CPU.ActiveCfg = Debug|Any CPU
		{335BD1EC-41B0-487F-AE94-2F36A55F5EB8}.Debug|Any CPU.Build.0 = Debug|Any CPU
		{335BD1EC-41B0-487F-AE94-2F36A55F5EB8}.Debug|x64.ActiveCfg = Debug|Any CPU
		{335BD1EC-41B0-487F-AE94-2F36A55F5EB8}.Debug|x64.Build.0 = Debug|Any CPU
		{335BD1EC-41B0-487F-AE94-2F36A55F5EB8}.Release|Any CPU.ActiveCfg = Release|Any CPU
		{335BD1EC-41B0-487F-AE94-2F36A55F5EB8}.Release|Any CPU.Build.0 = Release|Any CPU
		{335BD1EC-41B0-487F-AE94-2F36A55F5EB8}.Release|x64.ActiveCfg = Release|Any CPU
		{335BD1EC-41B0-487F-AE94-2F36A55F5EB8}.Release|x64.Build.0 = Release|Any CPU
		{505BF93C-0D48-4AB9-BC5F-969E5466B412}.Debug|Any CPU.ActiveCfg = Debug|x64
		{505BF93C-0D48-4AB9-BC5F-969E5466B412}.Debug|x64.ActiveCfg = Debug|x64
		{505BF93C-0D48-4AB9-BC5F-969E5466B412}.Debug|x64.Build.0 = Debug|x64
		{505BF93C-0D48-4AB9-BC5F-969E5466B412}.Debug|x64.Deploy.0 = Debug|x64
		{505BF93C-0D48-4AB9-BC5F-969E5466B412}.Release|Any CPU.ActiveCfg = Release|x64
		{505BF93C-0D48-4AB9-BC5F-969E5466B412}.Release|x64.ActiveCfg = Release|x64
		{505BF93C-0D48-4AB9-BC5F-969E5466B412}.Release|x64.Build.0 = Release|x64
		{505BF93C-0D48-4AB9-BC5F-969E5466B412}.Release|x64.Deploy.0 = Release|x64
		{E86271F6-C9DB-4A89-B5A2-4491B4F070FF}.Debug|Any CPU.ActiveCfg = Debug|Any CPU
		{E86271F6-C9DB-4A89-B5A2-4491B4F070FF}.Debug|Any CPU.Build.0 = Debug|Any CPU
		{E86271F6-C9DB-4A89-B5A2-4491B4F070FF}.Debug|x64.ActiveCfg = Debug|Any CPU
		{E86271F6-C9DB-4A89-B5A2-4491B4F070FF}.Debug|x64.Build.0 = Debug|Any CPU
		{E86271F6-C9DB-4A89-B5A2-4491B4F070FF}.Release|Any CPU.ActiveCfg = Release|Any CPU
		{E86271F6-C9DB-4A89-B5A2-4491B4F070FF}.Release|Any CPU.Build.0 = Release|Any CPU
		{E86271F6-C9DB-4A89-B5A2-4491B4F070FF}.Release|x64.ActiveCfg = Release|Any CPU
		{E86271F6-C9DB-4A89-B5A2-4491B4F070FF}.Release|x64.Build.0 = Release|Any CPU
		{97F7C82A-95AD-4A7B-B52A-F02891BBD286}.Debug|Any CPU.ActiveCfg = Debug|Any CPU
		{97F7C82A-95AD-4A7B-B52A-F02891BBD286}.Debug|Any CPU.Build.0 = Debug|Any CPU
		{97F7C82A-95AD-4A7B-B52A-F02891BBD286}.Debug|x64.ActiveCfg = Debug|Any CPU
		{97F7C82A-95AD-4A7B-B52A-F02891BBD286}.Debug|x64.Build.0 = Debug|Any CPU
		{97F7C82A-95AD-4A7B-B52A-F02891BBD286}.Release|Any CPU.ActiveCfg = Release|Any CPU
		{97F7C82A-95AD-4A7B-B52A-F02891BBD286}.Release|Any CPU.Build.0 = Release|Any CPU
		{97F7C82A-95AD-4A7B-B52A-F02891BBD286}.Release|x64.ActiveCfg = Release|Any CPU
		{97F7C82A-95AD-4A7B-B52A-F02891BBD286}.Release|x64.Build.0 = Release|Any CPU
		{67EFAA4C-C166-4C94-BE35-B0E12BE09792}.Debug|Any CPU.ActiveCfg = Debug|Any CPU
		{67EFAA4C-C166-4C94-BE35-B0E12BE09792}.Debug|Any CPU.Build.0 = Debug|Any CPU
		{67EFAA4C-C166-4C94-BE35-B0E12BE09792}.Debug|x64.ActiveCfg = Debug|Any CPU
		{67EFAA4C-C166-4C94-BE35-B0E12BE09792}.Debug|x64.Build.0 = Debug|Any CPU
		{67EFAA4C-C166-4C94-BE35-B0E12BE09792}.Release|Any CPU.ActiveCfg = Release|Any CPU
		{67EFAA4C-C166-4C94-BE35-B0E12BE09792}.Release|Any CPU.Build.0 = Release|Any CPU
		{67EFAA4C-C166-4C94-BE35-B0E12BE09792}.Release|x64.ActiveCfg = Release|Any CPU
		{67EFAA4C-C166-4C94-BE35-B0E12BE09792}.Release|x64.Build.0 = Release|Any CPU
	EndGlobalSection
	GlobalSection(SolutionProperties) = preSolution
		HideSolutionNode = FALSE
	EndGlobalSection
	GlobalSection(NestedProjects) = preSolution
		{85C8D17B-0044-4127-8D3C-7CF51CB70102} = {DDA86B30-FF3E-4B11-9C40-E083F5FDEAE6}
		{92F79C2D-5AA0-449D-92CE-E1CC578361AD} = {A0001770-AF50-4492-A6D1-F9F93714DE4A}
		{A0001770-AF50-4492-A6D1-F9F93714DE4A} = {DDA86B30-FF3E-4B11-9C40-E083F5FDEAE6}
		{451F430E-1784-4F88-8191-9F995BAC325C} = {85C8D17B-0044-4127-8D3C-7CF51CB70102}
		{B432F5BA-8B87-462D-8C84-C08C47668050} = {CB166865-1B5D-46D9-A4FE-1BD575F582D7}
		{84C20830-5572-4CC3-B322-EA2F88F80EA3} = {B432F5BA-8B87-462D-8C84-C08C47668050}
		{62F12FE5-B447-42C2-9267-B6180AFBC9D9} = {CB166865-1B5D-46D9-A4FE-1BD575F582D7}
		{11FE0539-5D29-4851-95F0-C79DDF479857} = {62F12FE5-B447-42C2-9267-B6180AFBC9D9}
		{63FAC2E8-CDCD-40C1-BB31-007A6EDDBD6F} = {CB166865-1B5D-46D9-A4FE-1BD575F582D7}
		{F615FCE9-F8E0-4AEE-A15B-99ED9988ADAD} = {63FAC2E8-CDCD-40C1-BB31-007A6EDDBD6F}
		{FF884C04-23DF-4F6A-B61D-ABCBC3519799} = {DDA86B30-FF3E-4B11-9C40-E083F5FDEAE6}
		{335BD1EC-41B0-487F-AE94-2F36A55F5EB8} = {FF884C04-23DF-4F6A-B61D-ABCBC3519799}
		{022402B0-A4AC-49FF-9B13-DAADEE09BE73} = {CB166865-1B5D-46D9-A4FE-1BD575F582D7}
		{505BF93C-0D48-4AB9-BC5F-969E5466B412} = {022402B0-A4AC-49FF-9B13-DAADEE09BE73}
		{E86271F6-C9DB-4A89-B5A2-4491B4F070FF} = {022402B0-A4AC-49FF-9B13-DAADEE09BE73}
		{97F7C82A-95AD-4A7B-B52A-F02891BBD286} = {022402B0-A4AC-49FF-9B13-DAADEE09BE73}
		{67EFAA4C-C166-4C94-BE35-B0E12BE09792} = {022402B0-A4AC-49FF-9B13-DAADEE09BE73}
	EndGlobalSection
	GlobalSection(ExtensibilityGlobals) = postSolution
		SolutionGuid = {CCAB780D-A79D-4DAA-AC80-A2821147E45B}
	EndGlobalSection
EndGlobal
